// !$*UTF8*$!
{
	archiveVersion = 1;
	classes = {
	};
	objectVersion = 46;
	objects = {

/* Begin PBXBuildFile section */
		B0D843921D94A120000A187F /* AppDelegate.swift in Sources */ = {isa = PBXBuildFile; fileRef = B0D843911D94A120000A187F /* AppDelegate.swift */; };
		B0D843971D94A120000A187F /* Main.storyboard in Resources */ = {isa = PBXBuildFile; fileRef = B0D843951D94A120000A187F /* Main.storyboard */; };
		B0D8439A1D94A120000A187F /* Mkc42HelloTranslator.xcdatamodeld in Sources */ = {isa = PBXBuildFile; fileRef = B0D843981D94A120000A187F /* Mkc42HelloTranslator.xcdatamodeld */; };
		B0D8439C1D94A120000A187F /* Assets.xcassets in Resources */ = {isa = PBXBuildFile; fileRef = B0D8439B1D94A120000A187F /* Assets.xcassets */; };
		B0D8439F1D94A120000A187F /* LaunchScreen.storyboard in Resources */ = {isa = PBXBuildFile; fileRef = B0D8439D1D94A120000A187F /* LaunchScreen.storyboard */; };
		B0D843A71D94A3A4000A187F /* LanguageViewController.swift in Sources */ = {isa = PBXBuildFile; fileRef = B0D843A61D94A3A4000A187F /* LanguageViewController.swift */; };
		B0D843A91D94A451000A187F /* LanguageTableViewController.swift in Sources */ = {isa = PBXBuildFile; fileRef = B0D843A81D94A451000A187F /* LanguageTableViewController.swift */; };
/* End PBXBuildFile section */

/* Begin PBXFileReference section */
		B0D8438E1D94A120000A187F /* Mkc42HelloTranslator.app */ = {isa = PBXFileReference; explicitFileType = wrapper.application; includeInIndex = 0; path = Mkc42HelloTranslator.app; sourceTree = BUILT_PRODUCTS_DIR; };
		B0D843911D94A120000A187F /* AppDelegate.swift */ = {isa = PBXFileReference; lastKnownFileType = sourcecode.swift; path = AppDelegate.swift; sourceTree = "<group>"; };
		B0D843961D94A120000A187F /* Base */ = {isa = PBXFileReference; lastKnownFileType = file.storyboard; name = Base; path = Base.lproj/Main.storyboard; sourceTree = "<group>"; };
		B0D843991D94A120000A187F /* Mkc42HelloTranslator.xcdatamodel */ = {isa = PBXFileReference; lastKnownFileType = wrapper.xcdatamodel; path = Mkc42HelloTranslator.xcdatamodel; sourceTree = "<group>"; };
		B0D8439B1D94A120000A187F /* Assets.xcassets */ = {isa = PBXFileReference; lastKnownFileType = folder.assetcatalog; path = Assets.xcassets; sourceTree = "<group>"; };
		B0D8439E1D94A120000A187F /* Base */ = {isa = PBXFileReference; lastKnownFileType = file.storyboard; name = Base; path = Base.lproj/LaunchScreen.storyboard; sourceTree = "<group>"; };
		B0D843A01D94A120000A187F /* Info.plist */ = {isa = PBXFileReference; lastKnownFileType = text.plist.xml; path = Info.plist; sourceTree = "<group>"; };
		B0D843A61D94A3A4000A187F /* LanguageViewController.swift */ = {isa = PBXFileReference; fileEncoding = 4; lastKnownFileType = sourcecode.swift; path = LanguageViewController.swift; sourceTree = "<group>"; };
		B0D843A81D94A451000A187F /* LanguageTableViewController.swift */ = {isa = PBXFileReference; fileEncoding = 4; lastKnownFileType = sourcecode.swift; path = LanguageTableViewController.swift; sourceTree = "<group>"; };
/* End PBXFileReference section */

/* Begin PBXFrameworksBuildPhase section */
		B0D8438B1D94A120000A187F /* Frameworks */ = {
			isa = PBXFrameworksBuildPhase;
			buildActionMask = 2147483647;
			files = (
			);
			runOnlyForDeploymentPostprocessing = 0;
		};
/* End PBXFrameworksBuildPhase section */

/* Begin PBXGroup section */
		B0D843851D94A120000A187F = {
			isa = PBXGroup;
			children = (
				B0D843901D94A120000A187F /* Mkc42HelloTranslator */,
				B0D8438F1D94A120000A187F /* Products */,
			);
			sourceTree = "<group>";
		};
		B0D8438F1D94A120000A187F /* Products */ = {
			isa = PBXGroup;
			children = (
				B0D8438E1D94A120000A187F /* Mkc42HelloTranslator.app */,
			);
			name = Products;
			sourceTree = "<group>";
		};
		B0D843901D94A120000A187F /* Mkc42HelloTranslator */ = {
			isa = PBXGroup;
			children = (
				B0D843911D94A120000A187F /* AppDelegate.swift */,
				B0D843A61D94A3A4000A187F /* LanguageViewController.swift */,
				B0D843A81D94A451000A187F /* LanguageTableViewController.swift */,
				B0D843951D94A120000A187F /* Main.storyboard */,
				B0D8439B1D94A120000A187F /* Assets.xcassets */,
				B0D8439D1D94A120000A187F /* LaunchScreen.storyboard */,
				B0D843A01D94A120000A187F /* Info.plist */,
				B0D843981D94A120000A187F /* Mkc42HelloTranslator.xcdatamodeld */,
			);
			path = Mkc42HelloTranslator;
			sourceTree = "<group>";
		};
/* End PBXGroup section */

/* Begin PBXNativeTarget section */
		B0D8438D1D94A120000A187F /* Mkc42HelloTranslator */ = {
			isa = PBXNativeTarget;
			buildConfigurationList = B0D843A31D94A120000A187F /* Build configuration list for PBXNativeTarget "Mkc42HelloTranslator" */;
			buildPhases = (
				B0D8438A1D94A120000A187F /* Sources */,
				B0D8438B1D94A120000A187F /* Frameworks */,
				B0D8438C1D94A120000A187F /* Resources */,
			);
			buildRules = (
			);
			dependencies = (
			);
			name = Mkc42HelloTranslator;
			productName = Mkc42HelloTranslator;
			productReference = B0D8438E1D94A120000A187F /* Mkc42HelloTranslator.app */;
			productType = "com.apple.product-type.application";
		};
/* End PBXNativeTarget section */

/* Begin PBXProject section */
		B0D843861D94A120000A187F /* Project object */ = {
			isa = PBXProject;
			attributes = {
				LastSwiftUpdateCheck = 0800;
				LastUpgradeCheck = 0800;
				ORGANIZATIONNAME = "Moesaeah King";
				TargetAttributes = {
					B0D8438D1D94A120000A187F = {
						CreatedOnToolsVersion = 8.0;
						ProvisioningStyle = Automatic;
					};
				};
			};
			buildConfigurationList = B0D843891D94A120000A187F /* Build configuration list for PBXProject "Mkc42HelloTranslator" */;
			compatibilityVersion = "Xcode 3.2";
			developmentRegion = English;
			hasScannedForEncodings = 0;
			knownRegions = (
				en,
				Base,
			);
			mainGroup = B0D843851D94A120000A187F;
			productRefGroup = B0D8438F1D94A120000A187F /* Products */;
			projectDirPath = "";
			projectRoot = "";
			targets = (
				B0D8438D1D94A120000A187F /* Mkc42HelloTranslator */,
			);
		};
/* End PBXProject section */

/* Begin PBXResourcesBuildPhase section */
		B0D8438C1D94A120000A187F /* Resources */ = {
			isa = PBXResourcesBuildPhase;
			buildActionMask = 2147483647;
			files = (
				B0D8439F1D94A120000A187F /* LaunchScreen.storyboard in Resources */,
				B0D8439C1D94A120000A187F /* Assets.xcassets in Resources */,
				B0D843971D94A120000A187F /* Main.storyboard in Resources */,
			);
			runOnlyForDeploymentPostprocessing = 0;
		};
/* End PBXResourcesBuildPhase section */

/* Begin PBXSourcesBuildPhase section */
		B0D8438A1D94A120000A187F /* Sources */ = {
			isa = PBXSourcesBuildPhase;
			buildActionMask = 2147483647;
			files = (
				B0D8439A1D94A120000A187F /* Mkc42HelloTranslator.xcdatamodeld in Sources */,
				B0D843A91D94A451000A187F /* LanguageTableViewController.swift in Sources */,
				B0D843921D94A120000A187F /* AppDelegate.swift in Sources */,
				B0D843A71D94A3A4000A187F /* LanguageViewController.swift in Sources */,
			);
			runOnlyForDeploymentPostprocessing = 0;
		};
/* End PBXSourcesBuildPhase section */

/* Begin PBXVariantGroup section */
		B0D843951D94A120000A187F /* Main.storyboard */ = {
			isa = PBXVariantGroup;
			children = (
				B0D843961D94A120000A187F /* Base */,
			);
			name = Main.storyboard;
			sourceTree = "<group>";
		};
		B0D8439D1D94A120000A187F /* LaunchScreen.storyboard */ = {
			isa = PBXVariantGroup;
			children = (
				B0D8439E1D94A120000A187F /* Base */,
			);
			name = LaunchScreen.storyboard;
			sourceTree = "<group>";
		};
/* End PBXVariantGroup section */

/* Begin XCBuildConfiguration section */
		B0D843A11D94A120000A187F /* Debug */ = {
			isa = XCBuildConfiguration;
			buildSettings = {
				ALWAYS_SEARCH_USER_PATHS = NO;
				CLANG_ANALYZER_NONNULL = YES;
				CLANG_CXX_LANGUAGE_STANDARD = "gnu++0x";
				CLANG_CXX_LIBRARY = "libc++";
				CLANG_ENABLE_MODULES = YES;
				CLANG_ENABLE_OBJC_ARC = YES;
				CLANG_WARN_BOOL_CONVERSION = YES;
				CLANG_WARN_CONSTANT_CONVERSION = YES;
				CLANG_WARN_DIRECT_OBJC_ISA_USAGE = YES_ERROR;
				CLANG_WARN_DOCUMENTATION_COMMENTS = YES;
				CLANG_WARN_EMPTY_BODY = YES;
				CLANG_WARN_ENUM_CONVERSION = YES;
				CLANG_WARN_INFINITE_RECURSION = YES;
				CLANG_WARN_INT_CONVERSION = YES;
				CLANG_WARN_OBJC_ROOT_CLASS = YES_ERROR;
				CLANG_WARN_SUSPICIOUS_MOVES = YES;
				CLANG_WARN_UNREACHABLE_CODE = YES;
				CLANG_WARN__DUPLICATE_METHOD_MATCH = YES;
				"CODE_SIGN_IDENTITY[sdk=iphoneos*]" = "iPhone Developer";
				COPY_PHASE_STRIP = NO;
				DEBUG_INFORMATION_FORMAT = dwarf;
				ENABLE_STRICT_OBJC_MSGSEND = YES;
				ENABLE_TESTABILITY = YES;
				GCC_C_LANGUAGE_STANDARD = gnu99;
				GCC_DYNAMIC_NO_PIC = NO;
				GCC_NO_COMMON_BLOCKS = YES;
				GCC_OPTIMIZATION_LEVEL = 0;
				GCC_PREPROCESSOR_DEFINITIONS = (
					"DEBUG=1",
					"$(inherited)",
				);
				GCC_WARN_64_TO_32_BIT_CONVERSION = YES;
				GCC_WARN_ABOUT_RETURN_TYPE = YES_ERROR;
				GCC_WARN_UNDECLARED_SELECTOR = YES;
				GCC_WARN_UNINITIALIZED_AUTOS = YES_AGGRESSIVE;
				GCC_WARN_UNUSED_FUNCTION = YES;
				GCC_WARN_UNUSED_VARIABLE = YES;
				IPHONEOS_DEPLOYMENT_TARGET = 10.0;
				MTL_ENABLE_DEBUG_INFO = YES;
				ONLY_ACTIVE_ARCH = YES;
				SDKROOT = iphoneos;
				SWIFT_ACTIVE_COMPILATION_CONDITIONS = DEBUG;
				SWIFT_OPTIMIZATION_LEVEL = "-Onone";
				TARGETED_DEVICE_FAMILY = "1,2";
			};
			name = Debug;
		};
		B0D843A21D94A120000A187F /* Release */ = {
			isa = XCBuildConfiguration;
			buildSettings = {
				ALWAYS_SEARCH_USER_PATHS = NO;
				CLANG_ANALYZER_NONNULL = YES;
				CLANG_CXX_LANGUAGE_STANDARD = "gnu++0x";
				CLANG_CXX_LIBRARY = "libc++";
				CLANG_ENABLE_MODULES = YES;
				CLANG_ENABLE_OBJC_ARC = YES;
				CLANG_WARN_BOOL_CONVERSION = YES;
				CLANG_WARN_CONSTANT_CONVERSION = YES;
				CLANG_WARN_DIRECT_OBJC_ISA_USAGE = YES_ERROR;
				CLANG_WARN_DOCUMENTATION_COMMENTS = YES;
				CLANG_WARN_EMPTY_BODY = YES;
				CLANG_WARN_ENUM_CONVERSION = YES;
				CLANG_WARN_INFINITE_RECURSION = YES;
				CLANG_WARN_INT_CONVERSION = YES;
				CLANG_WARN_OBJC_ROOT_CLASS = YES_ERROR;
				CLANG_WARN_SUSPICIOUS_MOVES = YES;
				CLANG_WARN_UNREACHABLE_CODE = YES;
				CLANG_WARN__DUPLICATE_METHOD_MATCH = YES;
				"CODE_SIGN_IDENTITY[sdk=iphoneos*]" = "iPhone Developer";
				COPY_PHASE_STRIP = NO;
				DEBUG_INFORMATION_FORMAT = "dwarf-with-dsym";
				ENABLE_NS_ASSERTIONS = NO;
				ENABLE_STRICT_OBJC_MSGSEND = YES;
				GCC_C_LANGUAGE_STANDARD = gnu99;
				GCC_NO_COMMON_BLOCKS = YES;
				GCC_WARN_64_TO_32_BIT_CONVERSION = YES;
				GCC_WARN_ABOUT_RETURN_TYPE = YES_ERROR;
				GCC_WARN_UNDECLARED_SELECTOR = YES;
				GCC_WARN_UNINITIALIZED_AUTOS = YES_AGGRESSIVE;
				GCC_WARN_UNUSED_FUNCTION = YES;
				GCC_WARN_UNUSED_VARIABLE = YES;
				IPHONEOS_DEPLOYMENT_TARGET = 10.0;
				MTL_ENABLE_DEBUG_INFO = NO;
				SDKROOT = iphoneos;
				SWIFT_OPTIMIZATION_LEVEL = "-Owholemodule";
				TARGETED_DEVICE_FAMILY = "1,2";
				VALIDATE_PRODUCT = YES;
			};
			name = Release;
		};
		B0D843A41D94A120000A187F /* Debug */ = {
			isa = XCBuildConfiguration;
			buildSettings = {
				ASSETCATALOG_COMPILER_APPICON_NAME = AppIcon;
				INFOPLIST_FILE = Mkc42HelloTranslator/Info.plist;
				LD_RUNPATH_SEARCH_PATHS = "$(inherited) @executable_path/Frameworks";
				PRODUCT_BUNDLE_IDENTIFIER = edu.missouri.cs.Mkc42HelloTranslator;
				PRODUCT_NAME = "$(TARGET_NAME)";
				SWIFT_VERSION = 3.0;
			};
			name = Debug;
		};
		B0D843A51D94A120000A187F /* Release */ = {
			isa = XCBuildConfiguration;
			buildSettings = {
				ASSETCATALOG_COMPILER_APPICON_NAME = AppIcon;
				INFOPLIST_FILE = Mkc42HelloTranslator/Info.plist;
				LD_RUNPATH_SEARCH_PATHS = "$(inherited) @executable_path/Frameworks";
				PRODUCT_BUNDLE_IDENTIFIER = edu.missouri.cs.Mkc42HelloTranslator;
				PRODUCT_NAME = "$(TARGET_NAME)";
				SWIFT_VERSION = 3.0;
			};
			name = Release;
		};
/* End XCBuildConfiguration section */

/* Begin XCConfigurationList section */
		B0D843891D94A120000A187F /* Build configuration list for PBXProject "Mkc42HelloTranslator" */ = {
			isa = XCConfigurationList;
			buildConfigurations = (
				B0D843A11D94A120000A187F /* Debug */,
				B0D843A21D94A120000A187F /* Release */,
			);
			defaultConfigurationIsVisible = 0;
			defaultConfigurationName = Release;
		};
		B0D843A31D94A120000A187F /* Build configuration list for PBXNativeTarget "Mkc42HelloTranslator" */ = {
			isa = XCConfigurationList;
			buildConfigurations = (
				B0D843A41D94A120000A187F /* Debug */,
				B0D843A51D94A120000A187F /* Release */,
			);
			defaultConfigurationIsVisible = 0;
		};
/* End XCConfigurationList section */

/* Begin XCVersionGroup section */
		B0D843981D94A120000A187F /* Mkc42HelloTranslator.xcdatamodeld */ = {
			isa = XCVersionGroup;
			children = (
				B0D843991D94A120000A187F /* Mkc42HelloTranslator.xcdatamodel */,
			);
			currentVersion = B0D843991D94A120000A187F /* Mkc42HelloTranslator.xcdatamodel */;
			path = Mkc42HelloTranslator.xcdatamodeld;
			sourceTree = "<group>";
			versionGroupType = wrapper.xcdatamodel;
		};
/* End XCVersionGroup section */
	};
	rootObject = B0D843861D94A120000A187F /* Project object */;
}
